
Microsoft Visual Studio Solution File, Format Version 12.00
# Visual Studio Version 17
VisualStudioVersion = 17.3.32825.248
MinimumVisualStudioVersion = 10.0.40219.1
Project("{FAE04EC0-301F-11D3-BF4B-00C04F79EFBC}") = "Laboratory_work_1.3", "Laboratory_work_1.3\Laboratory_work_1.3.csproj", "{33BCF837-6486-401C-8F3A-8DEE16676000}"
EndProject
Global
	GlobalSection(SolutionConfigurationPlatforms) = preSolution
		Debug|Any CPU = Debug|Any CPU
		Release|Any CPU = Release|Any CPU
	EndGlobalSection
	GlobalSection(ProjectConfigurationPlatforms) = postSolution
		{33BCF837-6486-401C-8F3A-8DEE16676000}.Debug|Any CPU.ActiveCfg = Debug|Any CPU
		{33BCF837-6486-401C-8F3A-8DEE16676000}.Debug|Any CPU.Build.0 = Debug|Any CPU
		{33BCF837-6486-401C-8F3A-8DEE16676000}.Release|Any CPU.ActiveCfg = Release|Any CPU
		{33BCF837-6486-401C-8F3A-8DEE16676000}.Release|Any CPU.Build.0 = Release|Any CPU
	EndGlobalSection
	GlobalSection(SolutionProperties) = preSolution
		HideSolutionNode = FALSE
	EndGlobalSection
	GlobalSection(ExtensibilityGlobals) = postSolution
		SolutionGuid = {838EB638-3171-4324-9F24-C9F08A1467E7}
	EndGlobalSection
EndGlobal
